# This file is automatically @generated by Cargo.
# It is not intended for manual editing.
version = 4

[[package]]
name = "bf_v2"
version = "0.1.0"
dependencies = [
 "mm3h",
]

[[package]]
name = "mm3h"
version = "0.1.3"
source = "registry+https://github.com/rust-lang/crates.io-index"
checksum = "dabd035e027dc9b9c31e0e35d87886736c693cdf5280eb53b9674e5e9de0f761"
